
Microsoft Visual Studio Solution File, Format Version 12.00
# Visual Studio Version 16
VisualStudioVersion = 16.0.29230.47
MinimumVisualStudioVersion = 10.0.40219.1
Project("{FAE04EC0-301F-11D3-BF4B-00C04F79EFBC}") = "CustomList", "CustomList\CustomList.csproj", "{0316A82D-DC1E-4C80-ADD3-6A33203F5F27}"
EndProject
Project("{FAE04EC0-301F-11D3-BF4B-00C04F79EFBC}") = "CustomListTest", "CustomListTest\CustomListTest.csproj", "{249F951F-2FE7-4A82-913A-B8624A2C6C66}"
EndProject
Global
	GlobalSection(SolutionConfigurationPlatforms) = preSolution
		Debug|Any CPU = Debug|Any CPU
		Release|Any CPU = Release|Any CPU
	EndGlobalSection
	GlobalSection(ProjectConfigurationPlatforms) = postSolution
		{0316A82D-DC1E-4C80-ADD3-6A33203F5F27}.Debug|Any CPU.ActiveCfg = Debug|Any CPU
		{0316A82D-DC1E-4C80-ADD3-6A33203F5F27}.Debug|Any CPU.Build.0 = Debug|Any CPU
		{0316A82D-DC1E-4C80-ADD3-6A33203F5F27}.Release|Any CPU.ActiveCfg = Release|Any CPU
		{0316A82D-DC1E-4C80-ADD3-6A33203F5F27}.Release|Any CPU.Build.0 = Release|Any CPU
		{249F951F-2FE7-4A82-913A-B8624A2C6C66}.Debug|Any CPU.ActiveCfg = Debug|Any CPU
		{249F951F-2FE7-4A82-913A-B8624A2C6C66}.Debug|Any CPU.Build.0 = Debug|Any CPU
		{249F951F-2FE7-4A82-913A-B8624A2C6C66}.Release|Any CPU.ActiveCfg = Release|Any CPU
		{249F951F-2FE7-4A82-913A-B8624A2C6C66}.Release|Any CPU.Build.0 = Release|Any CPU
	EndGlobalSection
	GlobalSection(SolutionProperties) = preSolution
		HideSolutionNode = FALSE
	EndGlobalSection
	GlobalSection(ExtensibilityGlobals) = postSolution
		SolutionGuid = {DAFD06CC-3815-49DF-83F1-E81224924EE5}
	EndGlobalSection
EndGlobal
